// !$*UTF8*$!
{
	archiveVersion = 1;
	classes = {
	};
	objectVersion = 50;
	objects = {

/* Begin PBXBuildFile section */
		D253A35B25C1A6ED0003A155 /* AppDelegate.swift in Sources */ = {isa = PBXBuildFile; fileRef = D253A35A25C1A6ED0003A155 /* AppDelegate.swift */; };
		D253A35D25C1A6ED0003A155 /* SceneDelegate.swift in Sources */ = {isa = PBXBuildFile; fileRef = D253A35C25C1A6ED0003A155 /* SceneDelegate.swift */; };
		D253A35F25C1A6ED0003A155 /* StartViewController.swift in Sources */ = {isa = PBXBuildFile; fileRef = D253A35E25C1A6ED0003A155 /* StartViewController.swift */; };
		D253A36425C1A6F20003A155 /* Assets.xcassets in Resources */ = {isa = PBXBuildFile; fileRef = D253A36325C1A6F20003A155 /* Assets.xcassets */; };
		D253A36725C1A6F20003A155 /* LaunchScreen.storyboard in Resources */ = {isa = PBXBuildFile; fileRef = D253A36525C1A6F20003A155 /* LaunchScreen.storyboard */; };
		D253A37125C1AE7D0003A155 /* StartView.xib in Resources */ = {isa = PBXBuildFile; fileRef = D253A37025C1AE7D0003A155 /* StartView.xib */; };
		D253A37425C1B1640003A155 /* ScannerViewController.swift in Sources */ = {isa = PBXBuildFile; fileRef = D253A37325C1B1640003A155 /* ScannerViewController.swift */; };
		D253A37725C1B1710003A155 /* ScannerView.xib in Resources */ = {isa = PBXBuildFile; fileRef = D253A37625C1B1710003A155 /* ScannerView.xib */; };
		D253A37F25C1B57C0003A155 /* SettingViewController.swift in Sources */ = {isa = PBXBuildFile; fileRef = D253A37E25C1B57C0003A155 /* SettingViewController.swift */; };
		D253A38325C1B5950003A155 /* SettingsView.xib in Resources */ = {isa = PBXBuildFile; fileRef = D253A38225C1B5950003A155 /* SettingsView.xib */; };
		D253A38825C1B7EF0003A155 /* APIKeyCell.swift in Sources */ = {isa = PBXBuildFile; fileRef = D253A38725C1B7EF0003A155 /* APIKeyCell.swift */; };
		D253A38B25C1B8280003A155 /* SoundCell.swift in Sources */ = {isa = PBXBuildFile; fileRef = D253A38A25C1B8280003A155 /* SoundCell.swift */; };
		D253A38E25C1B9B50003A155 /* SoundCell.xib in Resources */ = {isa = PBXBuildFile; fileRef = D253A38D25C1B9B50003A155 /* SoundCell.xib */; };
		D253A39125C1BA8B0003A155 /* APIKeyCell.xib in Resources */ = {isa = PBXBuildFile; fileRef = D253A39025C1BA8B0003A155 /* APIKeyCell.xib */; };
		D253A39425C1C0780003A155 /* ResultView.swift in Sources */ = {isa = PBXBuildFile; fileRef = D253A39325C1C0780003A155 /* ResultView.swift */; };
/* End PBXBuildFile section */

/* Begin PBXFileReference section */
		D253A35725C1A6ED0003A155 /* QRReader.app */ = {isa = PBXFileReference; explicitFileType = wrapper.application; includeInIndex = 0; path = QRReader.app; sourceTree = BUILT_PRODUCTS_DIR; };
		D253A35A25C1A6ED0003A155 /* AppDelegate.swift */ = {isa = PBXFileReference; lastKnownFileType = sourcecode.swift; path = AppDelegate.swift; sourceTree = "<group>"; };
		D253A35C25C1A6ED0003A155 /* SceneDelegate.swift */ = {isa = PBXFileReference; lastKnownFileType = sourcecode.swift; path = SceneDelegate.swift; sourceTree = "<group>"; };
		D253A35E25C1A6ED0003A155 /* StartViewController.swift */ = {isa = PBXFileReference; lastKnownFileType = sourcecode.swift; path = StartViewController.swift; sourceTree = "<group>"; };
		D253A36325C1A6F20003A155 /* Assets.xcassets */ = {isa = PBXFileReference; lastKnownFileType = folder.assetcatalog; path = Assets.xcassets; sourceTree = "<group>"; };
		D253A36625C1A6F20003A155 /* Base */ = {isa = PBXFileReference; lastKnownFileType = file.storyboard; name = Base; path = Base.lproj/LaunchScreen.storyboard; sourceTree = "<group>"; };
		D253A36825C1A6F20003A155 /* Info.plist */ = {isa = PBXFileReference; lastKnownFileType = text.plist.xml; path = Info.plist; sourceTree = "<group>"; };
		D253A37025C1AE7D0003A155 /* StartView.xib */ = {isa = PBXFileReference; lastKnownFileType = file.xib; path = StartView.xib; sourceTree = "<group>"; };
		D253A37325C1B1640003A155 /* ScannerViewController.swift */ = {isa = PBXFileReference; lastKnownFileType = sourcecode.swift; path = ScannerViewController.swift; sourceTree = "<group>"; };
		D253A37625C1B1710003A155 /* ScannerView.xib */ = {isa = PBXFileReference; lastKnownFileType = file.xib; path = ScannerView.xib; sourceTree = "<group>"; };
		D253A37E25C1B57C0003A155 /* SettingViewController.swift */ = {isa = PBXFileReference; lastKnownFileType = sourcecode.swift; path = SettingViewController.swift; sourceTree = "<group>"; };
		D253A38225C1B5950003A155 /* SettingsView.xib */ = {isa = PBXFileReference; lastKnownFileType = file.xib; path = SettingsView.xib; sourceTree = "<group>"; };
		D253A38725C1B7EF0003A155 /* APIKeyCell.swift */ = {isa = PBXFileReference; lastKnownFileType = sourcecode.swift; path = APIKeyCell.swift; sourceTree = "<group>"; };
		D253A38A25C1B8280003A155 /* SoundCell.swift */ = {isa = PBXFileReference; lastKnownFileType = sourcecode.swift; path = SoundCell.swift; sourceTree = "<group>"; };
		D253A38D25C1B9B50003A155 /* SoundCell.xib */ = {isa = PBXFileReference; lastKnownFileType = file.xib; path = SoundCell.xib; sourceTree = "<group>"; };
		D253A39025C1BA8B0003A155 /* APIKeyCell.xib */ = {isa = PBXFileReference; lastKnownFileType = file.xib; path = APIKeyCell.xib; sourceTree = "<group>"; };
		D253A39325C1C0780003A155 /* ResultView.swift */ = {isa = PBXFileReference; lastKnownFileType = sourcecode.swift; path = ResultView.swift; sourceTree = "<group>"; };
/* End PBXFileReference section */

/* Begin PBXFrameworksBuildPhase section */
		D253A35425C1A6ED0003A155 /* Frameworks */ = {
			isa = PBXFrameworksBuildPhase;
			buildActionMask = 2147483647;
			files = (
			);
			runOnlyForDeploymentPostprocessing = 0;
		};
/* End PBXFrameworksBuildPhase section */

/* Begin PBXGroup section */
		D253A34E25C1A6ED0003A155 = {
			isa = PBXGroup;
			children = (
				D253A35925C1A6ED0003A155 /* QRReader */,
				D253A35825C1A6ED0003A155 /* Products */,
			);
			sourceTree = "<group>";
		};
		D253A35825C1A6ED0003A155 /* Products */ = {
			isa = PBXGroup;
			children = (
				D253A35725C1A6ED0003A155 /* QRReader.app */,
			);
			name = Products;
			sourceTree = "<group>";
		};
		D253A35925C1A6ED0003A155 /* QRReader */ = {
			isa = PBXGroup;
			children = (
				D253A35A25C1A6ED0003A155 /* AppDelegate.swift */,
				D253A35C25C1A6ED0003A155 /* SceneDelegate.swift */,
				D253A38525C1B6140003A155 /* Settings View */,
				D253A37D25C1B5660003A155 /* Start View */,
				D253A37C25C1B5550003A155 /* Scanner View */,
				D253A36325C1A6F20003A155 /* Assets.xcassets */,
				D253A36525C1A6F20003A155 /* LaunchScreen.storyboard */,
				D253A36825C1A6F20003A155 /* Info.plist */,
			);
			path = QRReader;
			sourceTree = "<group>";
		};
		D253A37C25C1B5550003A155 /* Scanner View */ = {
			isa = PBXGroup;
			children = (
				D253A37325C1B1640003A155 /* ScannerViewController.swift */,
				D253A39325C1C0780003A155 /* ResultView.swift */,
				D253A37625C1B1710003A155 /* ScannerView.xib */,
			);
			path = "Scanner View";
			sourceTree = "<group>";
		};
		D253A37D25C1B5660003A155 /* Start View */ = {
			isa = PBXGroup;
			children = (
				D253A35E25C1A6ED0003A155 /* StartViewController.swift */,
				D253A37025C1AE7D0003A155 /* StartView.xib */,
			);
			path = "Start View";
			sourceTree = "<group>";
		};
		D253A38525C1B6140003A155 /* Settings View */ = {
			isa = PBXGroup;
			children = (
				D253A37E25C1B57C0003A155 /* SettingViewController.swift */,
				D253A38725C1B7EF0003A155 /* APIKeyCell.swift */,
				D253A39025C1BA8B0003A155 /* APIKeyCell.xib */,
				D253A38A25C1B8280003A155 /* SoundCell.swift */,
				D253A38D25C1B9B50003A155 /* SoundCell.xib */,
				D253A38225C1B5950003A155 /* SettingsView.xib */,
			);
			path = "Settings View";
			sourceTree = "<group>";
		};
/* End PBXGroup section */

/* Begin PBXNativeTarget section */
		D253A35625C1A6ED0003A155 /* QRReader */ = {
			isa = PBXNativeTarget;
			buildConfigurationList = D253A36B25C1A6F20003A155 /* Build configuration list for PBXNativeTarget "QRReader" */;
			buildPhases = (
				D253A35325C1A6ED0003A155 /* Sources */,
				D253A35425C1A6ED0003A155 /* Frameworks */,
				D253A35525C1A6ED0003A155 /* Resources */,
			);
			buildRules = (
			);
			dependencies = (
			);
			name = QRReader;
			productName = QRReader;
			productReference = D253A35725C1A6ED0003A155 /* QRReader.app */;
			productType = "com.apple.product-type.application";
		};
/* End PBXNativeTarget section */

/* Begin PBXProject section */
		D253A34F25C1A6ED0003A155 /* Project object */ = {
			isa = PBXProject;
			attributes = {
				LastSwiftUpdateCheck = 1230;
				LastUpgradeCheck = 1230;
				TargetAttributes = {
					D253A35625C1A6ED0003A155 = {
						CreatedOnToolsVersion = 12.3;
					};
				};
			};
			buildConfigurationList = D253A35225C1A6ED0003A155 /* Build configuration list for PBXProject "QRReader" */;
			compatibilityVersion = "Xcode 9.3";
			developmentRegion = en;
			hasScannedForEncodings = 0;
			knownRegions = (
				en,
				Base,
			);
			mainGroup = D253A34E25C1A6ED0003A155;
			productRefGroup = D253A35825C1A6ED0003A155 /* Products */;
			projectDirPath = "";
			projectRoot = "";
			targets = (
				D253A35625C1A6ED0003A155 /* QRReader */,
			);
		};
/* End PBXProject section */

/* Begin PBXResourcesBuildPhase section */
		D253A35525C1A6ED0003A155 /* Resources */ = {
			isa = PBXResourcesBuildPhase;
			buildActionMask = 2147483647;
			files = (
				D253A39125C1BA8B0003A155 /* APIKeyCell.xib in Resources */,
				D253A36725C1A6F20003A155 /* LaunchScreen.storyboard in Resources */,
				D253A38325C1B5950003A155 /* SettingsView.xib in Resources */,
				D253A37725C1B1710003A155 /* ScannerView.xib in Resources */,
				D253A36425C1A6F20003A155 /* Assets.xcassets in Resources */,
				D253A37125C1AE7D0003A155 /* StartView.xib in Resources */,
				D253A38E25C1B9B50003A155 /* SoundCell.xib in Resources */,
			);
			runOnlyForDeploymentPostprocessing = 0;
		};
/* End PBXResourcesBuildPhase section */

/* Begin PBXSourcesBuildPhase section */
		D253A35325C1A6ED0003A155 /* Sources */ = {
			isa = PBXSourcesBuildPhase;
			buildActionMask = 2147483647;
			files = (
				D253A38825C1B7EF0003A155 /* APIKeyCell.swift in Sources */,
				D253A38B25C1B8280003A155 /* SoundCell.swift in Sources */,
				D253A37F25C1B57C0003A155 /* SettingViewController.swift in Sources */,
				D253A35F25C1A6ED0003A155 /* StartViewController.swift in Sources */,
				D253A35B25C1A6ED0003A155 /* AppDelegate.swift in Sources */,
				D253A39425C1C0780003A155 /* ResultView.swift in Sources */,
				D253A35D25C1A6ED0003A155 /* SceneDelegate.swift in Sources */,
				D253A37425C1B1640003A155 /* ScannerViewController.swift in Sources */,
			);
			runOnlyForDeploymentPostprocessing = 0;
		};
/* End PBXSourcesBuildPhase section */

/* Begin PBXVariantGroup section */
		D253A36525C1A6F20003A155 /* LaunchScreen.storyboard */ = {
			isa = PBXVariantGroup;
			children = (
				D253A36625C1A6F20003A155 /* Base */,
			);
			name = LaunchScreen.storyboard;
			sourceTree = "<group>";
		};
/* End PBXVariantGroup section */

/* Begin XCBuildConfiguration section */
		D253A36925C1A6F20003A155 /* Debug */ = {
			isa = XCBuildConfiguration;
			buildSettings = {
				ALWAYS_SEARCH_USER_PATHS = NO;
				CLANG_ANALYZER_NONNULL = YES;
				CLANG_ANALYZER_NUMBER_OBJECT_CONVERSION = YES_AGGRESSIVE;
				CLANG_CXX_LANGUAGE_STANDARD = "gnu++14";
				CLANG_CXX_LIBRARY = "libc++";
				CLANG_ENABLE_MODULES = YES;
				CLANG_ENABLE_OBJC_ARC = YES;
				CLANG_ENABLE_OBJC_WEAK = YES;
				CLANG_WARN_BLOCK_CAPTURE_AUTORELEASING = YES;
				CLANG_WARN_BOOL_CONVERSION = YES;
				CLANG_WARN_COMMA = YES;
				CLANG_WARN_CONSTANT_CONVERSION = YES;
				CLANG_WARN_DEPRECATED_OBJC_IMPLEMENTATIONS = YES;
				CLANG_WARN_DIRECT_OBJC_ISA_USAGE = YES_ERROR;
				CLANG_WARN_DOCUMENTATION_COMMENTS = YES;
				CLANG_WARN_EMPTY_BODY = YES;
				CLANG_WARN_ENUM_CONVERSION = YES;
				CLANG_WARN_INFINITE_RECURSION = YES;
				CLANG_WARN_INT_CONVERSION = YES;
				CLANG_WARN_NON_LITERAL_NULL_CONVERSION = YES;
				CLANG_WARN_OBJC_IMPLICIT_RETAIN_SELF = YES;
				CLANG_WARN_OBJC_LITERAL_CONVERSION = YES;
				CLANG_WARN_OBJC_ROOT_CLASS = YES_ERROR;
				CLANG_WARN_QUOTED_INCLUDE_IN_FRAMEWORK_HEADER = YES;
				CLANG_WARN_RANGE_LOOP_ANALYSIS = YES;
				CLANG_WARN_STRICT_PROTOTYPES = YES;
				CLANG_WARN_SUSPICIOUS_MOVE = YES;
				CLANG_WARN_UNGUARDED_AVAILABILITY = YES_AGGRESSIVE;
				CLANG_WARN_UNREACHABLE_CODE = YES;
				CLANG_WARN__DUPLICATE_METHOD_MATCH = YES;
				COPY_PHASE_STRIP = NO;
				DEBUG_INFORMATION_FORMAT = dwarf;
				ENABLE_STRICT_OBJC_MSGSEND = YES;
				ENABLE_TESTABILITY = YES;
				GCC_C_LANGUAGE_STANDARD = gnu11;
				GCC_DYNAMIC_NO_PIC = NO;
				GCC_NO_COMMON_BLOCKS = YES;
				GCC_OPTIMIZATION_LEVEL = 0;
				GCC_PREPROCESSOR_DEFINITIONS = (
					"DEBUG=1",
					"$(inherited)",
				);
				GCC_WARN_64_TO_32_BIT_CONVERSION = YES;
				GCC_WARN_ABOUT_RETURN_TYPE = YES_ERROR;
				GCC_WARN_UNDECLARED_SELECTOR = YES;
				GCC_WARN_UNINITIALIZED_AUTOS = YES_AGGRESSIVE;
				GCC_WARN_UNUSED_FUNCTION = YES;
				GCC_WARN_UNUSED_VARIABLE = YES;
				IPHONEOS_DEPLOYMENT_TARGET = 13.0;
				MTL_ENABLE_DEBUG_INFO = INCLUDE_SOURCE;
				MTL_FAST_MATH = YES;
				ONLY_ACTIVE_ARCH = YES;
				SDKROOT = iphoneos;
				SWIFT_ACTIVE_COMPILATION_CONDITIONS = DEBUG;
				SWIFT_OPTIMIZATION_LEVEL = "-Onone";
			};
			name = Debug;
		};
		D253A36A25C1A6F20003A155 /* Release */ = {
			isa = XCBuildConfiguration;
			buildSettings = {
				ALWAYS_SEARCH_USER_PATHS = NO;
				CLANG_ANALYZER_NONNULL = YES;
				CLANG_ANALYZER_NUMBER_OBJECT_CONVERSION = YES_AGGRESSIVE;
				CLANG_CXX_LANGUAGE_STANDARD = "gnu++14";
				CLANG_CXX_LIBRARY = "libc++";
				CLANG_ENABLE_MODULES = YES;
				CLANG_ENABLE_OBJC_ARC = YES;
				CLANG_ENABLE_OBJC_WEAK = YES;
				CLANG_WARN_BLOCK_CAPTURE_AUTORELEASING = YES;
				CLANG_WARN_BOOL_CONVERSION = YES;
				CLANG_WARN_COMMA = YES;
				CLANG_WARN_CONSTANT_CONVERSION = YES;
				CLANG_WARN_DEPRECATED_OBJC_IMPLEMENTATIONS = YES;
				CLANG_WARN_DIRECT_OBJC_ISA_USAGE = YES_ERROR;
				CLANG_WARN_DOCUMENTATION_COMMENTS = YES;
				CLANG_WARN_EMPTY_BODY = YES;
				CLANG_WARN_ENUM_CONVERSION = YES;
				CLANG_WARN_INFINITE_RECURSION = YES;
				CLANG_WARN_INT_CONVERSION = YES;
				CLANG_WARN_NON_LITERAL_NULL_CONVERSION = YES;
				CLANG_WARN_OBJC_IMPLICIT_RETAIN_SELF = YES;
				CLANG_WARN_OBJC_LITERAL_CONVERSION = YES;
				CLANG_WARN_OBJC_ROOT_CLASS = YES_ERROR;
				CLANG_WARN_QUOTED_INCLUDE_IN_FRAMEWORK_HEADER = YES;
				CLANG_WARN_RANGE_LOOP_ANALYSIS = YES;
				CLANG_WARN_STRICT_PROTOTYPES = YES;
				CLANG_WARN_SUSPICIOUS_MOVE = YES;
				CLANG_WARN_UNGUARDED_AVAILABILITY = YES_AGGRESSIVE;
				CLANG_WARN_UNREACHABLE_CODE = YES;
				CLANG_WARN__DUPLICATE_METHOD_MATCH = YES;
				COPY_PHASE_STRIP = NO;
				DEBUG_INFORMATION_FORMAT = "dwarf-with-dsym";
				ENABLE_NS_ASSERTIONS = NO;
				ENABLE_STRICT_OBJC_MSGSEND = YES;
				GCC_C_LANGUAGE_STANDARD = gnu11;
				GCC_NO_COMMON_BLOCKS = YES;
				GCC_WARN_64_TO_32_BIT_CONVERSION = YES;
				GCC_WARN_ABOUT_RETURN_TYPE = YES_ERROR;
				GCC_WARN_UNDECLARED_SELECTOR = YES;
				GCC_WARN_UNINITIALIZED_AUTOS = YES_AGGRESSIVE;
				GCC_WARN_UNUSED_FUNCTION = YES;
				GCC_WARN_UNUSED_VARIABLE = YES;
				IPHONEOS_DEPLOYMENT_TARGET = 13.0;
				MTL_ENABLE_DEBUG_INFO = NO;
				MTL_FAST_MATH = YES;
				SDKROOT = iphoneos;
				SWIFT_COMPILATION_MODE = wholemodule;
				SWIFT_OPTIMIZATION_LEVEL = "-O";
				VALIDATE_PRODUCT = YES;
			};
			name = Release;
		};
		D253A36C25C1A6F20003A155 /* Debug */ = {
			isa = XCBuildConfiguration;
			buildSettings = {
				ASSETCATALOG_COMPILER_APPICON_NAME = AppIcon;
				ASSETCATALOG_COMPILER_GLOBAL_ACCENT_COLOR_NAME = AccentColor;
				CODE_SIGN_STYLE = Automatic;
				DEVELOPMENT_TEAM = 7367KKMU64;
				INFOPLIST_FILE = QRReader/Info.plist;
				LD_RUNPATH_SEARCH_PATHS = (
					"$(inherited)",
					"@executable_path/Frameworks",
				);
				PRODUCT_BUNDLE_IDENTIFIER = mishak.QRReader;
				PRODUCT_NAME = "$(TARGET_NAME)";
				SWIFT_VERSION = 5.0;
				TARGETED_DEVICE_FAMILY = "1,2";
			};
			name = Debug;
		};
		D253A36D25C1A6F20003A155 /* Release */ = {
			isa = XCBuildConfiguration;
			buildSettings = {
				ASSETCATALOG_COMPILER_APPICON_NAME = AppIcon;
				ASSETCATALOG_COMPILER_GLOBAL_ACCENT_COLOR_NAME = AccentColor;
				CODE_SIGN_STYLE = Automatic;
				DEVELOPMENT_TEAM = 7367KKMU64;
				INFOPLIST_FILE = QRReader/Info.plist;
				LD_RUNPATH_SEARCH_PATHS = (
					"$(inherited)",
					"@executable_path/Frameworks",
				);
				PRODUCT_BUNDLE_IDENTIFIER = mishak.QRReader;
				PRODUCT_NAME = "$(TARGET_NAME)";
				SWIFT_VERSION = 5.0;
				TARGETED_DEVICE_FAMILY = "1,2";
			};
			name = Release;
		};
/* End XCBuildConfiguration section */

/* Begin XCConfigurationList section */
		D253A35225C1A6ED0003A155 /* Build configuration list for PBXProject "QRReader" */ = {
			isa = XCConfigurationList;
			buildConfigurations = (
				D253A36925C1A6F20003A155 /* Debug */,
				D253A36A25C1A6F20003A155 /* Release */,
			);
			defaultConfigurationIsVisible = 0;
			defaultConfigurationName = Release;
		};
		D253A36B25C1A6F20003A155 /* Build configuration list for PBXNativeTarget "QRReader" */ = {
			isa = XCConfigurationList;
			buildConfigurations = (
				D253A36C25C1A6F20003A155 /* Debug */,
				D253A36D25C1A6F20003A155 /* Release */,
			);
			defaultConfigurationIsVisible = 0;
			defaultConfigurationName = Release;
		};
/* End XCConfigurationList section */
	};
	rootObject = D253A34F25C1A6ED0003A155 /* Project object */;
}
